
Microsoft Visual Studio Solution File, Format Version 12.00
# Visual Studio Version 17
VisualStudioVersion = 17.4.33110.190
MinimumVisualStudioVersion = 10.0.40219.1
Project("{FAE04EC0-301F-11D3-BF4B-00C04F79EFBC}") = "Base64", "Base64\Base64.csproj", "{76D79BC8-BCC0-48DD-ACE8-45D1783F528B}"
EndProject
Global
	GlobalSection(SolutionConfigurationPlatforms) = preSolution
		Debug|Any CPU = Debug|Any CPU
		Release|Any CPU = Release|Any CPU
	EndGlobalSection
	GlobalSection(ProjectConfigurationPlatforms) = postSolution
		{76D79BC8-BCC0-48DD-ACE8-45D1783F528B}.Debug|Any CPU.ActiveCfg = Debug|Any CPU
		{76D79BC8-BCC0-48DD-ACE8-45D1783F528B}.Debug|Any CPU.Build.0 = Debug|Any CPU
		{76D79BC8-BCC0-48DD-ACE8-45D1783F528B}.Release|Any CPU.ActiveCfg = Release|Any CPU
		{76D79BC8-BCC0-48DD-ACE8-45D1783F528B}.Release|Any CPU.Build.0 = Release|Any CPU
	EndGlobalSection
	GlobalSection(SolutionProperties) = preSolution
		HideSolutionNode = FALSE
	EndGlobalSection
	GlobalSection(ExtensibilityGlobals) = postSolution
		SolutionGuid = {4E73A915-5AB5-4F77-9EAD-9D0DE23C91B5}
	EndGlobalSection
EndGlobal
